// !$*UTF8*$!
{
	archiveVersion = 1;
	classes = {
	};
	objectVersion = 50;
	objects = {

/* Begin PBXBuildFile section */
		3B02B06925570847007B5778 /* ResultFunction.swift in Sources */ = {isa = PBXBuildFile; fileRef = 3B02B06725570846007B5778 /* ResultFunction.swift */; };
		3B02B06A25570847007B5778 /* Answer.swift in Sources */ = {isa = PBXBuildFile; fileRef = 3B02B06825570846007B5778 /* Answer.swift */; };
		3B02B06D25570A22007B5778 /* ResultScreen.storyboard in Resources */ = {isa = PBXBuildFile; fileRef = 3B02B06C25570A22007B5778 /* ResultScreen.storyboard */; };
		3B02B07425570AD8007B5778 /* ResultViewController.swift in Sources */ = {isa = PBXBuildFile; fileRef = 3B02B07325570AD8007B5778 /* ResultViewController.swift */; };
		3BBDB38725556A8900F0B765 /* AppDelegate.swift in Sources */ = {isa = PBXBuildFile; fileRef = 3BBDB38625556A8900F0B765 /* AppDelegate.swift */; };
		3BBDB38925556A8900F0B765 /* SceneDelegate.swift in Sources */ = {isa = PBXBuildFile; fileRef = 3BBDB38825556A8900F0B765 /* SceneDelegate.swift */; };
		3BBDB38E25556A8900F0B765 /* Main.storyboard in Resources */ = {isa = PBXBuildFile; fileRef = 3BBDB38C25556A8900F0B765 /* Main.storyboard */; };
		3BBDB39025556A8C00F0B765 /* Assets.xcassets in Resources */ = {isa = PBXBuildFile; fileRef = 3BBDB38F25556A8C00F0B765 /* Assets.xcassets */; };
		3BBDB39325556A8C00F0B765 /* LaunchScreen.storyboard in Resources */ = {isa = PBXBuildFile; fileRef = 3BBDB39125556A8C00F0B765 /* LaunchScreen.storyboard */; };
		3BBDB3A225556D0D00F0B765 /* DataManager.swift in Sources */ = {isa = PBXBuildFile; fileRef = 3BBDB3A125556D0D00F0B765 /* DataManager.swift */; };
		3BBDB3A625556D6D00F0B765 /* Question.swift in Sources */ = {isa = PBXBuildFile; fileRef = 3BBDB3A525556D6D00F0B765 /* Question.swift */; };
		3BBDB3A925556D9100F0B765 /* Result.swift in Sources */ = {isa = PBXBuildFile; fileRef = 3BBDB3A825556D9100F0B765 /* Result.swift */; };
/* End PBXBuildFile section */

/* Begin PBXFileReference section */
		3B02B06725570846007B5778 /* ResultFunction.swift */ = {isa = PBXFileReference; fileEncoding = 4; lastKnownFileType = sourcecode.swift; path = ResultFunction.swift; sourceTree = "<group>"; };
		3B02B06825570846007B5778 /* Answer.swift */ = {isa = PBXFileReference; fileEncoding = 4; lastKnownFileType = sourcecode.swift; path = Answer.swift; sourceTree = "<group>"; };
		3B02B06C25570A22007B5778 /* ResultScreen.storyboard */ = {isa = PBXFileReference; lastKnownFileType = file.storyboard; path = ResultScreen.storyboard; sourceTree = "<group>"; };
		3B02B07325570AD8007B5778 /* ResultViewController.swift */ = {isa = PBXFileReference; lastKnownFileType = sourcecode.swift; path = ResultViewController.swift; sourceTree = "<group>"; };
		3BBDB38325556A8900F0B765 /* HW2.8-pael.app */ = {isa = PBXFileReference; explicitFileType = wrapper.application; includeInIndex = 0; path = "HW2.8-pael.app"; sourceTree = BUILT_PRODUCTS_DIR; };
		3BBDB38625556A8900F0B765 /* AppDelegate.swift */ = {isa = PBXFileReference; lastKnownFileType = sourcecode.swift; path = AppDelegate.swift; sourceTree = "<group>"; };
		3BBDB38825556A8900F0B765 /* SceneDelegate.swift */ = {isa = PBXFileReference; lastKnownFileType = sourcecode.swift; path = SceneDelegate.swift; sourceTree = "<group>"; };
		3BBDB38D25556A8900F0B765 /* Base */ = {isa = PBXFileReference; lastKnownFileType = file.storyboard; name = Base; path = Base.lproj/Main.storyboard; sourceTree = "<group>"; };
		3BBDB38F25556A8C00F0B765 /* Assets.xcassets */ = {isa = PBXFileReference; lastKnownFileType = folder.assetcatalog; path = Assets.xcassets; sourceTree = "<group>"; };
		3BBDB39225556A8C00F0B765 /* Base */ = {isa = PBXFileReference; lastKnownFileType = file.storyboard; name = Base; path = Base.lproj/LaunchScreen.storyboard; sourceTree = "<group>"; };
		3BBDB39425556A8C00F0B765 /* Info.plist */ = {isa = PBXFileReference; lastKnownFileType = text.plist.xml; path = Info.plist; sourceTree = "<group>"; };
		3BBDB3A125556D0D00F0B765 /* DataManager.swift */ = {isa = PBXFileReference; lastKnownFileType = sourcecode.swift; path = DataManager.swift; sourceTree = "<group>"; };
		3BBDB3A525556D6D00F0B765 /* Question.swift */ = {isa = PBXFileReference; lastKnownFileType = sourcecode.swift; path = Question.swift; sourceTree = "<group>"; };
		3BBDB3A825556D9100F0B765 /* Result.swift */ = {isa = PBXFileReference; lastKnownFileType = sourcecode.swift; path = Result.swift; sourceTree = "<group>"; };
/* End PBXFileReference section */

/* Begin PBXFrameworksBuildPhase section */
		3BBDB38025556A8900F0B765 /* Frameworks */ = {
			isa = PBXFrameworksBuildPhase;
			buildActionMask = 2147483647;
			files = (
			);
			runOnlyForDeploymentPostprocessing = 0;
		};
/* End PBXFrameworksBuildPhase section */

/* Begin PBXGroup section */
		3BBDB37A25556A8900F0B765 = {
			isa = PBXGroup;
			children = (
				3BBDB38525556A8900F0B765 /* HW2.8-pael */,
				3BBDB38425556A8900F0B765 /* Products */,
			);
			sourceTree = "<group>";
		};
		3BBDB38425556A8900F0B765 /* Products */ = {
			isa = PBXGroup;
			children = (
				3BBDB38325556A8900F0B765 /* HW2.8-pael.app */,
			);
			name = Products;
			sourceTree = "<group>";
		};
		3BBDB38525556A8900F0B765 /* HW2.8-pael */ = {
			isa = PBXGroup;
			children = (
				3BBDB3A025556C6A00F0B765 /* Data Layer */,
				3BBDB39C25556AEA00F0B765 /* Supporting Files */,
				3BBDB39B25556ADB00F0B765 /* Models */,
				3BBDB39D25556B1C00F0B765 /* View Controllers */,
				3BBDB39E25556B3500F0B765 /* Storyboards */,
			);
			path = "HW2.8-pael";
			sourceTree = "<group>";
		};
		3BBDB39B25556ADB00F0B765 /* Models */ = {
			isa = PBXGroup;
			children = (
				3BBDB3A525556D6D00F0B765 /* Question.swift */,
				3B02B06825570846007B5778 /* Answer.swift */,
				3B02B06725570846007B5778 /* ResultFunction.swift */,
				3BBDB3A825556D9100F0B765 /* Result.swift */,
			);
			path = Models;
			sourceTree = "<group>";
		};
		3BBDB39C25556AEA00F0B765 /* Supporting Files */ = {
			isa = PBXGroup;
			children = (
				3BBDB38625556A8900F0B765 /* AppDelegate.swift */,
				3BBDB38825556A8900F0B765 /* SceneDelegate.swift */,
				3BBDB38F25556A8C00F0B765 /* Assets.xcassets */,
				3BBDB39425556A8C00F0B765 /* Info.plist */,
			);
			path = "Supporting Files";
			sourceTree = "<group>";
		};
		3BBDB39D25556B1C00F0B765 /* View Controllers */ = {
			isa = PBXGroup;
			children = (
				3B02B07325570AD8007B5778 /* ResultViewController.swift */,
			);
			path = "View Controllers";
			sourceTree = "<group>";
		};
		3BBDB39E25556B3500F0B765 /* Storyboards */ = {
			isa = PBXGroup;
			children = (
				3B02B06C25570A22007B5778 /* ResultScreen.storyboard */,
				3BBDB38C25556A8900F0B765 /* Main.storyboard */,
				3BBDB39125556A8C00F0B765 /* LaunchScreen.storyboard */,
			);
			path = Storyboards;
			sourceTree = "<group>";
		};
		3BBDB3A025556C6A00F0B765 /* Data Layer */ = {
			isa = PBXGroup;
			children = (
				3BBDB3A125556D0D00F0B765 /* DataManager.swift */,
			);
			path = "Data Layer";
			sourceTree = "<group>";
		};
/* End PBXGroup section */

/* Begin PBXNativeTarget section */
		3BBDB38225556A8900F0B765 /* HW2.8-pael */ = {
			isa = PBXNativeTarget;
			buildConfigurationList = 3BBDB39725556A8C00F0B765 /* Build configuration list for PBXNativeTarget "HW2.8-pael" */;
			buildPhases = (
				3BBDB37F25556A8900F0B765 /* Sources */,
				3BBDB38025556A8900F0B765 /* Frameworks */,
				3BBDB38125556A8900F0B765 /* Resources */,
			);
			buildRules = (
			);
			dependencies = (
			);
			name = "HW2.8-pael";
			productName = "HW2.8-pael";
			productReference = 3BBDB38325556A8900F0B765 /* HW2.8-pael.app */;
			productType = "com.apple.product-type.application";
		};
/* End PBXNativeTarget section */

/* Begin PBXProject section */
		3BBDB37B25556A8900F0B765 /* Project object */ = {
			isa = PBXProject;
			attributes = {
				LastSwiftUpdateCheck = 1210;
				LastUpgradeCheck = 1210;
				TargetAttributes = {
					3BBDB38225556A8900F0B765 = {
						CreatedOnToolsVersion = 12.1;
					};
				};
			};
			buildConfigurationList = 3BBDB37E25556A8900F0B765 /* Build configuration list for PBXProject "HW2.8-pael" */;
			compatibilityVersion = "Xcode 9.3";
			developmentRegion = en;
			hasScannedForEncodings = 0;
			knownRegions = (
				en,
				Base,
			);
			mainGroup = 3BBDB37A25556A8900F0B765;
			productRefGroup = 3BBDB38425556A8900F0B765 /* Products */;
			projectDirPath = "";
			projectRoot = "";
			targets = (
				3BBDB38225556A8900F0B765 /* HW2.8-pael */,
			);
		};
/* End PBXProject section */

/* Begin PBXResourcesBuildPhase section */
		3BBDB38125556A8900F0B765 /* Resources */ = {
			isa = PBXResourcesBuildPhase;
			buildActionMask = 2147483647;
			files = (
				3B02B06D25570A22007B5778 /* ResultScreen.storyboard in Resources */,
				3BBDB39325556A8C00F0B765 /* LaunchScreen.storyboard in Resources */,
				3BBDB39025556A8C00F0B765 /* Assets.xcassets in Resources */,
				3BBDB38E25556A8900F0B765 /* Main.storyboard in Resources */,
			);
			runOnlyForDeploymentPostprocessing = 0;
		};
/* End PBXResourcesBuildPhase section */

/* Begin PBXSourcesBuildPhase section */
		3BBDB37F25556A8900F0B765 /* Sources */ = {
			isa = PBXSourcesBuildPhase;
			buildActionMask = 2147483647;
			files = (
				3BBDB3A925556D9100F0B765 /* Result.swift in Sources */,
				3B02B06925570847007B5778 /* ResultFunction.swift in Sources */,
				3BBDB3A625556D6D00F0B765 /* Question.swift in Sources */,
				3BBDB3A225556D0D00F0B765 /* DataManager.swift in Sources */,
				3BBDB38725556A8900F0B765 /* AppDelegate.swift in Sources */,
				3BBDB38925556A8900F0B765 /* SceneDelegate.swift in Sources */,
				3B02B06A25570847007B5778 /* Answer.swift in Sources */,
				3B02B07425570AD8007B5778 /* ResultViewController.swift in Sources */,
			);
			runOnlyForDeploymentPostprocessing = 0;
		};
/* End PBXSourcesBuildPhase section */

/* Begin PBXVariantGroup section */
		3BBDB38C25556A8900F0B765 /* Main.storyboard */ = {
			isa = PBXVariantGroup;
			children = (
				3BBDB38D25556A8900F0B765 /* Base */,
			);
			name = Main.storyboard;
			sourceTree = "<group>";
		};
		3BBDB39125556A8C00F0B765 /* LaunchScreen.storyboard */ = {
			isa = PBXVariantGroup;
			children = (
				3BBDB39225556A8C00F0B765 /* Base */,
			);
			name = LaunchScreen.storyboard;
			sourceTree = "<group>";
		};
/* End PBXVariantGroup section */

/* Begin XCBuildConfiguration section */
		3BBDB39525556A8C00F0B765 /* Debug */ = {
			isa = XCBuildConfiguration;
			buildSettings = {
				ALWAYS_SEARCH_USER_PATHS = NO;
				CLANG_ANALYZER_NONNULL = YES;
				CLANG_ANALYZER_NUMBER_OBJECT_CONVERSION = YES_AGGRESSIVE;
				CLANG_CXX_LANGUAGE_STANDARD = "gnu++14";
				CLANG_CXX_LIBRARY = "libc++";
				CLANG_ENABLE_MODULES = YES;
				CLANG_ENABLE_OBJC_ARC = YES;
				CLANG_ENABLE_OBJC_WEAK = YES;
				CLANG_WARN_BLOCK_CAPTURE_AUTORELEASING = YES;
				CLANG_WARN_BOOL_CONVERSION = YES;
				CLANG_WARN_COMMA = YES;
				CLANG_WARN_CONSTANT_CONVERSION = YES;
				CLANG_WARN_DEPRECATED_OBJC_IMPLEMENTATIONS = YES;
				CLANG_WARN_DIRECT_OBJC_ISA_USAGE = YES_ERROR;
				CLANG_WARN_DOCUMENTATION_COMMENTS = YES;
				CLANG_WARN_EMPTY_BODY = YES;
				CLANG_WARN_ENUM_CONVERSION = YES;
				CLANG_WARN_INFINITE_RECURSION = YES;
				CLANG_WARN_INT_CONVERSION = YES;
				CLANG_WARN_NON_LITERAL_NULL_CONVERSION = YES;
				CLANG_WARN_OBJC_IMPLICIT_RETAIN_SELF = YES;
				CLANG_WARN_OBJC_LITERAL_CONVERSION = YES;
				CLANG_WARN_OBJC_ROOT_CLASS = YES_ERROR;
				CLANG_WARN_QUOTED_INCLUDE_IN_FRAMEWORK_HEADER = YES;
				CLANG_WARN_RANGE_LOOP_ANALYSIS = YES;
				CLANG_WARN_STRICT_PROTOTYPES = YES;
				CLANG_WARN_SUSPICIOUS_MOVE = YES;
				CLANG_WARN_UNGUARDED_AVAILABILITY = YES_AGGRESSIVE;
				CLANG_WARN_UNREACHABLE_CODE = YES;
				CLANG_WARN__DUPLICATE_METHOD_MATCH = YES;
				COPY_PHASE_STRIP = NO;
				DEBUG_INFORMATION_FORMAT = dwarf;
				ENABLE_STRICT_OBJC_MSGSEND = YES;
				ENABLE_TESTABILITY = YES;
				GCC_C_LANGUAGE_STANDARD = gnu11;
				GCC_DYNAMIC_NO_PIC = NO;
				GCC_NO_COMMON_BLOCKS = YES;
				GCC_OPTIMIZATION_LEVEL = 0;
				GCC_PREPROCESSOR_DEFINITIONS = (
					"DEBUG=1",
					"$(inherited)",
				);
				GCC_WARN_64_TO_32_BIT_CONVERSION = YES;
				GCC_WARN_ABOUT_RETURN_TYPE = YES_ERROR;
				GCC_WARN_UNDECLARED_SELECTOR = YES;
				GCC_WARN_UNINITIALIZED_AUTOS = YES_AGGRESSIVE;
				GCC_WARN_UNUSED_FUNCTION = YES;
				GCC_WARN_UNUSED_VARIABLE = YES;
				IPHONEOS_DEPLOYMENT_TARGET = 14.1;
				MTL_ENABLE_DEBUG_INFO = INCLUDE_SOURCE;
				MTL_FAST_MATH = YES;
				ONLY_ACTIVE_ARCH = YES;
				SDKROOT = iphoneos;
				SWIFT_ACTIVE_COMPILATION_CONDITIONS = DEBUG;
				SWIFT_OPTIMIZATION_LEVEL = "-Onone";
			};
			name = Debug;
		};
		3BBDB39625556A8C00F0B765 /* Release */ = {
			isa = XCBuildConfiguration;
			buildSettings = {
				ALWAYS_SEARCH_USER_PATHS = NO;
				CLANG_ANALYZER_NONNULL = YES;
				CLANG_ANALYZER_NUMBER_OBJECT_CONVERSION = YES_AGGRESSIVE;
				CLANG_CXX_LANGUAGE_STANDARD = "gnu++14";
				CLANG_CXX_LIBRARY = "libc++";
				CLANG_ENABLE_MODULES = YES;
				CLANG_ENABLE_OBJC_ARC = YES;
				CLANG_ENABLE_OBJC_WEAK = YES;
				CLANG_WARN_BLOCK_CAPTURE_AUTORELEASING = YES;
				CLANG_WARN_BOOL_CONVERSION = YES;
				CLANG_WARN_COMMA = YES;
				CLANG_WARN_CONSTANT_CONVERSION = YES;
				CLANG_WARN_DEPRECATED_OBJC_IMPLEMENTATIONS = YES;
				CLANG_WARN_DIRECT_OBJC_ISA_USAGE = YES_ERROR;
				CLANG_WARN_DOCUMENTATION_COMMENTS = YES;
				CLANG_WARN_EMPTY_BODY = YES;
				CLANG_WARN_ENUM_CONVERSION = YES;
				CLANG_WARN_INFINITE_RECURSION = YES;
				CLANG_WARN_INT_CONVERSION = YES;
				CLANG_WARN_NON_LITERAL_NULL_CONVERSION = YES;
				CLANG_WARN_OBJC_IMPLICIT_RETAIN_SELF = YES;
				CLANG_WARN_OBJC_LITERAL_CONVERSION = YES;
				CLANG_WARN_OBJC_ROOT_CLASS = YES_ERROR;
				CLANG_WARN_QUOTED_INCLUDE_IN_FRAMEWORK_HEADER = YES;
				CLANG_WARN_RANGE_LOOP_ANALYSIS = YES;
				CLANG_WARN_STRICT_PROTOTYPES = YES;
				CLANG_WARN_SUSPICIOUS_MOVE = YES;
				CLANG_WARN_UNGUARDED_AVAILABILITY = YES_AGGRESSIVE;
				CLANG_WARN_UNREACHABLE_CODE = YES;
				CLANG_WARN__DUPLICATE_METHOD_MATCH = YES;
				COPY_PHASE_STRIP = NO;
				DEBUG_INFORMATION_FORMAT = "dwarf-with-dsym";
				ENABLE_NS_ASSERTIONS = NO;
				ENABLE_STRICT_OBJC_MSGSEND = YES;
				GCC_C_LANGUAGE_STANDARD = gnu11;
				GCC_NO_COMMON_BLOCKS = YES;
				GCC_WARN_64_TO_32_BIT_CONVERSION = YES;
				GCC_WARN_ABOUT_RETURN_TYPE = YES_ERROR;
				GCC_WARN_UNDECLARED_SELECTOR = YES;
				GCC_WARN_UNINITIALIZED_AUTOS = YES_AGGRESSIVE;
				GCC_WARN_UNUSED_FUNCTION = YES;
				GCC_WARN_UNUSED_VARIABLE = YES;
				IPHONEOS_DEPLOYMENT_TARGET = 14.1;
				MTL_ENABLE_DEBUG_INFO = NO;
				MTL_FAST_MATH = YES;
				SDKROOT = iphoneos;
				SWIFT_COMPILATION_MODE = wholemodule;
				SWIFT_OPTIMIZATION_LEVEL = "-O";
				VALIDATE_PRODUCT = YES;
			};
			name = Release;
		};
		3BBDB39825556A8C00F0B765 /* Debug */ = {
			isa = XCBuildConfiguration;
			buildSettings = {
				ASSETCATALOG_COMPILER_APPICON_NAME = AppIcon;
				ASSETCATALOG_COMPILER_GLOBAL_ACCENT_COLOR_NAME = AccentColor;
				CODE_SIGN_STYLE = Automatic;
				INFOPLIST_FILE = "HW2.8-pael/Supporting Files/Info.plist";
				LD_RUNPATH_SEARCH_PATHS = (
					"$(inherited)",
					"@executable_path/Frameworks",
				);
				PRODUCT_BUNDLE_IDENTIFIER = "ru.pael.HW2-8-pael";
				PRODUCT_NAME = "$(TARGET_NAME)";
				SWIFT_VERSION = 5.0;
				TARGETED_DEVICE_FAMILY = "1,2";
			};
			name = Debug;
		};
		3BBDB39925556A8C00F0B765 /* Release */ = {
			isa = XCBuildConfiguration;
			buildSettings = {
				ASSETCATALOG_COMPILER_APPICON_NAME = AppIcon;
				ASSETCATALOG_COMPILER_GLOBAL_ACCENT_COLOR_NAME = AccentColor;
				CODE_SIGN_STYLE = Automatic;
				INFOPLIST_FILE = "HW2.8-pael/Supporting Files/Info.plist";
				LD_RUNPATH_SEARCH_PATHS = (
					"$(inherited)",
					"@executable_path/Frameworks",
				);
				PRODUCT_BUNDLE_IDENTIFIER = "ru.pael.HW2-8-pael";
				PRODUCT_NAME = "$(TARGET_NAME)";
				SWIFT_VERSION = 5.0;
				TARGETED_DEVICE_FAMILY = "1,2";
			};
			name = Release;
		};
/* End XCBuildConfiguration section */

/* Begin XCConfigurationList section */
		3BBDB37E25556A8900F0B765 /* Build configuration list for PBXProject "HW2.8-pael" */ = {
			isa = XCConfigurationList;
			buildConfigurations = (
				3BBDB39525556A8C00F0B765 /* Debug */,
				3BBDB39625556A8C00F0B765 /* Release */,
			);
			defaultConfigurationIsVisible = 0;
			defaultConfigurationName = Release;
		};
		3BBDB39725556A8C00F0B765 /* Build configuration list for PBXNativeTarget "HW2.8-pael" */ = {
			isa = XCConfigurationList;
			buildConfigurations = (
				3BBDB39825556A8C00F0B765 /* Debug */,
				3BBDB39925556A8C00F0B765 /* Release */,
			);
			defaultConfigurationIsVisible = 0;
			defaultConfigurationName = Release;
		};
/* End XCConfigurationList section */
	};
	rootObject = 3BBDB37B25556A8900F0B765 /* Project object */;
}
